
Microsoft Visual Studio Solution File, Format Version 12.00
# Visual Studio Version 17
VisualStudioVersion = 17.8.34525.116
MinimumVisualStudioVersion = 10.0.40219.1
Project("{FAE04EC0-301F-11D3-BF4B-00C04F79EFBC}") = "Khumalo craft 1", "Khumalo craft 1\Khumalo craft 1.csproj", "{73D63F7A-36B2-4A16-9791-6DDE04467EDB}"
EndProject
Global
	GlobalSection(SolutionConfigurationPlatforms) = preSolution
		Debug|Any CPU = Debug|Any CPU
		Release|Any CPU = Release|Any CPU
	EndGlobalSection
	GlobalSection(ProjectConfigurationPlatforms) = postSolution
		{73D63F7A-36B2-4A16-9791-6DDE04467EDB}.Debug|Any CPU.ActiveCfg = Debug|Any CPU
		{73D63F7A-36B2-4A16-9791-6DDE04467EDB}.Debug|Any CPU.Build.0 = Debug|Any CPU
		{73D63F7A-36B2-4A16-9791-6DDE04467EDB}.Release|Any CPU.ActiveCfg = Release|Any CPU
		{73D63F7A-36B2-4A16-9791-6DDE04467EDB}.Release|Any CPU.Build.0 = Release|Any CPU
	EndGlobalSection
	GlobalSection(SolutionProperties) = preSolution
		HideSolutionNode = FALSE
	EndGlobalSection
	GlobalSection(ExtensibilityGlobals) = postSolution
		SolutionGuid = {A6C52D77-6840-45F2-AEFE-748DF37E8B97}
	EndGlobalSection
EndGlobal
